// !$*UTF8*$!
{
	archiveVersion = 1;
	classes = {
	};
	objectVersion = 56;
	objects = {

/* Begin PBXBuildFile section */
		5909A43D2A3BFB21006B5B6D /* TunederApp.swift in Sources */ = {isa = PBXBuildFile; fileRef = 5909A43C2A3BFB21006B5B6D /* TunederApp.swift */; };
		5909A43F2A3BFB21006B5B6D /* ContentView.swift in Sources */ = {isa = PBXBuildFile; fileRef = 5909A43E2A3BFB21006B5B6D /* ContentView.swift */; };
		5909A4412A3BFB22006B5B6D /* Assets.xcassets in Resources */ = {isa = PBXBuildFile; fileRef = 5909A4402A3BFB22006B5B6D /* Assets.xcassets */; };
		5909A4442A3BFB22006B5B6D /* Preview Assets.xcassets in Resources */ = {isa = PBXBuildFile; fileRef = 5909A4432A3BFB22006B5B6D /* Preview Assets.xcassets */; };
		590A4F982A3E81E900FCF5AE /* MusicLibraryHandler.swift in Sources */ = {isa = PBXBuildFile; fileRef = 590A4F972A3E81E900FCF5AE /* MusicLibraryHandler.swift */; };
		590A4F9D2A3E927000FCF5AE /* Defaults in Frameworks */ = {isa = PBXBuildFile; productRef = 590A4F9C2A3E927000FCF5AE /* Defaults */; };
		590A4F9F2A3E928400FCF5AE /* Defaults.swift in Sources */ = {isa = PBXBuildFile; fileRef = 590A4F9E2A3E928400FCF5AE /* Defaults.swift */; };
		590A4FA22A3E970100FCF5AE /* MusicAccessNotEnabledView.swift in Sources */ = {isa = PBXBuildFile; fileRef = 590A4FA12A3E970100FCF5AE /* MusicAccessNotEnabledView.swift */; };
		590A4FAC2A3EA40F00FCF5AE /* SignUpForAppleMusicView.swift in Sources */ = {isa = PBXBuildFile; fileRef = 590A4FAB2A3EA40F00FCF5AE /* SignUpForAppleMusicView.swift */; };
		594CC9122A43E8480027E953 /* GenreActor.swift in Sources */ = {isa = PBXBuildFile; fileRef = 594CC9112A43E8480027E953 /* GenreActor.swift */; };
		5953C1DD2A4273EA00A3F685 /* GenreSelection.swift in Sources */ = {isa = PBXBuildFile; fileRef = 5953C1DC2A4273EA00A3F685 /* GenreSelection.swift */; };
		5953C1DF2A4273F600A3F685 /* GenreData.swift in Sources */ = {isa = PBXBuildFile; fileRef = 5953C1DE2A4273F600A3F685 /* GenreData.swift */; };
		59557DA02A3D1F6B00ED1B74 /* audioTest.m4a in Resources */ = {isa = PBXBuildFile; fileRef = 59557D9F2A3D1F6B00ED1B74 /* audioTest.m4a */; };
		59557DA62A3D63C300ED1B74 /* AVPlayer.stop.swift in Sources */ = {isa = PBXBuildFile; fileRef = 59557DA52A3D63C300ED1B74 /* AVPlayer.stop.swift */; };
		59557DA92A3D66A900ED1B74 /* SwiftfulLoadingIndicators in Frameworks */ = {isa = PBXBuildFile; productRef = 59557DA82A3D66A900ED1B74 /* SwiftfulLoadingIndicators */; };
		59557DAE2A3E559D00ED1B74 /* MusadoraKit in Frameworks */ = {isa = PBXBuildFile; productRef = 59557DAD2A3E559D00ED1B74 /* MusadoraKit */; };
		59557DB02A3E559D00ED1B74 /* MusadoraLabsKit in Frameworks */ = {isa = PBXBuildFile; productRef = 59557DAF2A3E559D00ED1B74 /* MusadoraLabsKit */; };
		59B244452A46B2D5003973D3 /* SongsView.swift in Sources */ = {isa = PBXBuildFile; fileRef = 59B244442A46B2D5003973D3 /* SongsView.swift */; };
		59B244472A46BAFF003973D3 /* AVPlayerBufferStatusController.swift in Sources */ = {isa = PBXBuildFile; fileRef = 59B244462A46BAFF003973D3 /* AVPlayerBufferStatusController.swift */; };
		59EDCBDF2A3FFA1500FA6747 /* SettingsView.swift in Sources */ = {isa = PBXBuildFile; fileRef = 59EDCBDE2A3FFA1500FA6747 /* SettingsView.swift */; };
		59FCBA4A2A3C00CE00FD6BB2 /* SongPreviewView.swift in Sources */ = {isa = PBXBuildFile; fileRef = 59FCBA492A3C00CE00FD6BB2 /* SongPreviewView.swift */; };
		59FCBA582A3D06D700FD6BB2 /* SongBackgroundView.swift in Sources */ = {isa = PBXBuildFile; fileRef = 59FCBA572A3D06D700FD6BB2 /* SongBackgroundView.swift */; };
		59FCBA5B2A3D078200FD6BB2 /* ColorKit in Frameworks */ = {isa = PBXBuildFile; productRef = 59FCBA5A2A3D078200FD6BB2 /* ColorKit */; };
/* End PBXBuildFile section */

/* Begin PBXFileReference section */
		5909A4392A3BFB21006B5B6D /* Tuneder.app */ = {isa = PBXFileReference; explicitFileType = wrapper.application; includeInIndex = 0; path = Tuneder.app; sourceTree = BUILT_PRODUCTS_DIR; };
		5909A43C2A3BFB21006B5B6D /* TunederApp.swift */ = {isa = PBXFileReference; lastKnownFileType = sourcecode.swift; path = TunederApp.swift; sourceTree = "<group>"; };
		5909A43E2A3BFB21006B5B6D /* ContentView.swift */ = {isa = PBXFileReference; lastKnownFileType = sourcecode.swift; path = ContentView.swift; sourceTree = "<group>"; };
		5909A4402A3BFB22006B5B6D /* Assets.xcassets */ = {isa = PBXFileReference; lastKnownFileType = folder.assetcatalog; path = Assets.xcassets; sourceTree = "<group>"; };
		5909A4432A3BFB22006B5B6D /* Preview Assets.xcassets */ = {isa = PBXFileReference; lastKnownFileType = folder.assetcatalog; path = "Preview Assets.xcassets"; sourceTree = "<group>"; };
		590A4F972A3E81E900FCF5AE /* MusicLibraryHandler.swift */ = {isa = PBXFileReference; lastKnownFileType = sourcecode.swift; path = MusicLibraryHandler.swift; sourceTree = "<group>"; };
		590A4F9E2A3E928400FCF5AE /* Defaults.swift */ = {isa = PBXFileReference; lastKnownFileType = sourcecode.swift; path = Defaults.swift; sourceTree = "<group>"; };
		590A4FA12A3E970100FCF5AE /* MusicAccessNotEnabledView.swift */ = {isa = PBXFileReference; lastKnownFileType = sourcecode.swift; path = MusicAccessNotEnabledView.swift; sourceTree = "<group>"; };
		590A4FAB2A3EA40F00FCF5AE /* SignUpForAppleMusicView.swift */ = {isa = PBXFileReference; lastKnownFileType = sourcecode.swift; path = SignUpForAppleMusicView.swift; sourceTree = "<group>"; };
		594CC9112A43E8480027E953 /* GenreActor.swift */ = {isa = PBXFileReference; lastKnownFileType = sourcecode.swift; path = GenreActor.swift; sourceTree = "<group>"; };
		5953C1DC2A4273EA00A3F685 /* GenreSelection.swift */ = {isa = PBXFileReference; lastKnownFileType = sourcecode.swift; path = GenreSelection.swift; sourceTree = "<group>"; };
		5953C1DE2A4273F600A3F685 /* GenreData.swift */ = {isa = PBXFileReference; lastKnownFileType = sourcecode.swift; path = GenreData.swift; sourceTree = "<group>"; };
		59557D9F2A3D1F6B00ED1B74 /* audioTest.m4a */ = {isa = PBXFileReference; lastKnownFileType = file; path = audioTest.m4a; sourceTree = "<group>"; };
		59557DA52A3D63C300ED1B74 /* AVPlayer.stop.swift */ = {isa = PBXFileReference; lastKnownFileType = sourcecode.swift; path = AVPlayer.stop.swift; sourceTree = "<group>"; };
		59B244442A46B2D5003973D3 /* SongsView.swift */ = {isa = PBXFileReference; lastKnownFileType = sourcecode.swift; path = SongsView.swift; sourceTree = "<group>"; };
		59B244462A46BAFF003973D3 /* AVPlayerBufferStatusController.swift */ = {isa = PBXFileReference; lastKnownFileType = sourcecode.swift; path = AVPlayerBufferStatusController.swift; sourceTree = "<group>"; };
		59EDCBDE2A3FFA1500FA6747 /* SettingsView.swift */ = {isa = PBXFileReference; lastKnownFileType = sourcecode.swift; path = SettingsView.swift; sourceTree = "<group>"; };
		59FCBA492A3C00CE00FD6BB2 /* SongPreviewView.swift */ = {isa = PBXFileReference; lastKnownFileType = sourcecode.swift; path = SongPreviewView.swift; sourceTree = "<group>"; };
		59FCBA512A3C30A100FD6BB2 /* Info.plist */ = {isa = PBXFileReference; fileEncoding = 4; lastKnownFileType = text.plist.xml; path = Info.plist; sourceTree = "<group>"; };
		59FCBA572A3D06D700FD6BB2 /* SongBackgroundView.swift */ = {isa = PBXFileReference; lastKnownFileType = sourcecode.swift; path = SongBackgroundView.swift; sourceTree = "<group>"; };
/* End PBXFileReference section */

/* Begin PBXFrameworksBuildPhase section */
		5909A4362A3BFB21006B5B6D /* Frameworks */ = {
			isa = PBXFrameworksBuildPhase;
			buildActionMask = 2147483647;
			files = (
				59557DAE2A3E559D00ED1B74 /* MusadoraKit in Frameworks */,
				59557DB02A3E559D00ED1B74 /* MusadoraLabsKit in Frameworks */,
				59FCBA5B2A3D078200FD6BB2 /* ColorKit in Frameworks */,
				59557DA92A3D66A900ED1B74 /* SwiftfulLoadingIndicators in Frameworks */,
				590A4F9D2A3E927000FCF5AE /* Defaults in Frameworks */,
			);
			runOnlyForDeploymentPostprocessing = 0;
		};
/* End PBXFrameworksBuildPhase section */

/* Begin PBXGroup section */
		5909A4302A3BFB21006B5B6D = {
			isa = PBXGroup;
			children = (
				59B244462A46BAFF003973D3 /* AVPlayerBufferStatusController.swift */,
				5953C1DE2A4273F600A3F685 /* GenreData.swift */,
				5953C1DC2A4273EA00A3F685 /* GenreSelection.swift */,
				594CC9112A43E8480027E953 /* GenreActor.swift */,
				590A4F9E2A3E928400FCF5AE /* Defaults.swift */,
				590A4F972A3E81E900FCF5AE /* MusicLibraryHandler.swift */,
				59557D9F2A3D1F6B00ED1B74 /* audioTest.m4a */,
				590A4FA02A3E928B00FCF5AE /* Extensions */,
				5909A43B2A3BFB21006B5B6D /* Tuneder */,
				5909A43A2A3BFB21006B5B6D /* Products */,
			);
			sourceTree = "<group>";
		};
		5909A43A2A3BFB21006B5B6D /* Products */ = {
			isa = PBXGroup;
			children = (
				5909A4392A3BFB21006B5B6D /* Tuneder.app */,
			);
			name = Products;
			sourceTree = "<group>";
		};
		5909A43B2A3BFB21006B5B6D /* Tuneder */ = {
			isa = PBXGroup;
			children = (
				59FCBA512A3C30A100FD6BB2 /* Info.plist */,
				59B244442A46B2D5003973D3 /* SongsView.swift */,
				59FCBA492A3C00CE00FD6BB2 /* SongPreviewView.swift */,
				5909A43E2A3BFB21006B5B6D /* ContentView.swift */,
				59FCBA572A3D06D700FD6BB2 /* SongBackgroundView.swift */,
				590A4FA12A3E970100FCF5AE /* MusicAccessNotEnabledView.swift */,
				590A4FAB2A3EA40F00FCF5AE /* SignUpForAppleMusicView.swift */,
				59EDCBDE2A3FFA1500FA6747 /* SettingsView.swift */,
				5909A43C2A3BFB21006B5B6D /* TunederApp.swift */,
				5909A4402A3BFB22006B5B6D /* Assets.xcassets */,
				5909A4422A3BFB22006B5B6D /* Preview Content */,
			);
			path = Tuneder;
			sourceTree = "<group>";
		};
		5909A4422A3BFB22006B5B6D /* Preview Content */ = {
			isa = PBXGroup;
			children = (
				5909A4432A3BFB22006B5B6D /* Preview Assets.xcassets */,
			);
			path = "Preview Content";
			sourceTree = "<group>";
		};
		590A4FA02A3E928B00FCF5AE /* Extensions */ = {
			isa = PBXGroup;
			children = (
				59557DA52A3D63C300ED1B74 /* AVPlayer.stop.swift */,
			);
			path = Extensions;
			sourceTree = "<group>";
		};
/* End PBXGroup section */

/* Begin PBXNativeTarget section */
		5909A4382A3BFB21006B5B6D /* Tuneder */ = {
			isa = PBXNativeTarget;
			buildConfigurationList = 5909A4472A3BFB22006B5B6D /* Build configuration list for PBXNativeTarget "Tuneder" */;
			buildPhases = (
				5909A4352A3BFB21006B5B6D /* Sources */,
				5909A4362A3BFB21006B5B6D /* Frameworks */,
				5909A4372A3BFB21006B5B6D /* Resources */,
			);
			buildRules = (
			);
			dependencies = (
			);
			name = Tuneder;
			packageProductDependencies = (
				59FCBA5A2A3D078200FD6BB2 /* ColorKit */,
				59557DA82A3D66A900ED1B74 /* SwiftfulLoadingIndicators */,
				59557DAD2A3E559D00ED1B74 /* MusadoraKit */,
				59557DAF2A3E559D00ED1B74 /* MusadoraLabsKit */,
				590A4F9C2A3E927000FCF5AE /* Defaults */,
			);
			productName = Tuneder;
			productReference = 5909A4392A3BFB21006B5B6D /* Tuneder.app */;
			productType = "com.apple.product-type.application";
		};
/* End PBXNativeTarget section */

/* Begin PBXProject section */
		5909A4312A3BFB21006B5B6D /* Project object */ = {
			isa = PBXProject;
			attributes = {
				BuildIndependentTargetsInParallel = 1;
				LastSwiftUpdateCheck = 1430;
				LastUpgradeCheck = 1430;
				TargetAttributes = {
					5909A4382A3BFB21006B5B6D = {
						CreatedOnToolsVersion = 14.3.1;
					};
				};
			};
			buildConfigurationList = 5909A4342A3BFB21006B5B6D /* Build configuration list for PBXProject "Tuneder" */;
			compatibilityVersion = "Xcode 14.0";
			developmentRegion = en;
			hasScannedForEncodings = 0;
			knownRegions = (
				en,
				Base,
			);
			mainGroup = 5909A4302A3BFB21006B5B6D;
			packageReferences = (
				59FCBA592A3D078200FD6BB2 /* XCRemoteSwiftPackageReference "ColorKit" */,
				59557DA72A3D66A900ED1B74 /* XCRemoteSwiftPackageReference "SwiftfulLoadingIndicators" */,
				59557DAC2A3E559D00ED1B74 /* XCRemoteSwiftPackageReference "MusadoraKit" */,
				590A4F9B2A3E927000FCF5AE /* XCRemoteSwiftPackageReference "Defaults" */,
			);
			productRefGroup = 5909A43A2A3BFB21006B5B6D /* Products */;
			projectDirPath = "";
			projectRoot = "";
			targets = (
				5909A4382A3BFB21006B5B6D /* Tuneder */,
			);
		};
/* End PBXProject section */

/* Begin PBXResourcesBuildPhase section */
		5909A4372A3BFB21006B5B6D /* Resources */ = {
			isa = PBXResourcesBuildPhase;
			buildActionMask = 2147483647;
			files = (
				59557DA02A3D1F6B00ED1B74 /* audioTest.m4a in Resources */,
				5909A4442A3BFB22006B5B6D /* Preview Assets.xcassets in Resources */,
				5909A4412A3BFB22006B5B6D /* Assets.xcassets in Resources */,
			);
			runOnlyForDeploymentPostprocessing = 0;
		};
/* End PBXResourcesBuildPhase section */

/* Begin PBXSourcesBuildPhase section */
		5909A4352A3BFB21006B5B6D /* Sources */ = {
			isa = PBXSourcesBuildPhase;
			buildActionMask = 2147483647;
			files = (
				590A4FA22A3E970100FCF5AE /* MusicAccessNotEnabledView.swift in Sources */,
				5909A43F2A3BFB21006B5B6D /* ContentView.swift in Sources */,
				594CC9122A43E8480027E953 /* GenreActor.swift in Sources */,
				590A4F9F2A3E928400FCF5AE /* Defaults.swift in Sources */,
				590A4F982A3E81E900FCF5AE /* MusicLibraryHandler.swift in Sources */,
				59557DA62A3D63C300ED1B74 /* AVPlayer.stop.swift in Sources */,
				5953C1DF2A4273F600A3F685 /* GenreData.swift in Sources */,
				5909A43D2A3BFB21006B5B6D /* TunederApp.swift in Sources */,
				59EDCBDF2A3FFA1500FA6747 /* SettingsView.swift in Sources */,
				590A4FAC2A3EA40F00FCF5AE /* SignUpForAppleMusicView.swift in Sources */,
				59FCBA582A3D06D700FD6BB2 /* SongBackgroundView.swift in Sources */,
				59FCBA4A2A3C00CE00FD6BB2 /* SongPreviewView.swift in Sources */,
				5953C1DD2A4273EA00A3F685 /* GenreSelection.swift in Sources */,
				59B244472A46BAFF003973D3 /* AVPlayerBufferStatusController.swift in Sources */,
				59B244452A46B2D5003973D3 /* SongsView.swift in Sources */,
			);
			runOnlyForDeploymentPostprocessing = 0;
		};
/* End PBXSourcesBuildPhase section */

/* Begin XCBuildConfiguration section */
		5909A4452A3BFB22006B5B6D /* Debug */ = {
			isa = XCBuildConfiguration;
			buildSettings = {
				ALWAYS_SEARCH_USER_PATHS = NO;
				CLANG_ANALYZER_NONNULL = YES;
				CLANG_ANALYZER_NUMBER_OBJECT_CONVERSION = YES_AGGRESSIVE;
				CLANG_CXX_LANGUAGE_STANDARD = "gnu++20";
				CLANG_ENABLE_MODULES = YES;
				CLANG_ENABLE_OBJC_ARC = YES;
				CLANG_ENABLE_OBJC_WEAK = YES;
				CLANG_WARN_BLOCK_CAPTURE_AUTORELEASING = YES;
				CLANG_WARN_BOOL_CONVERSION = YES;
				CLANG_WARN_COMMA = YES;
				CLANG_WARN_CONSTANT_CONVERSION = YES;
				CLANG_WARN_DEPRECATED_OBJC_IMPLEMENTATIONS = YES;
				CLANG_WARN_DIRECT_OBJC_ISA_USAGE = YES_ERROR;
				CLANG_WARN_DOCUMENTATION_COMMENTS = YES;
				CLANG_WARN_EMPTY_BODY = YES;
				CLANG_WARN_ENUM_CONVERSION = YES;
				CLANG_WARN_INFINITE_RECURSION = YES;
				CLANG_WARN_INT_CONVERSION = YES;
				CLANG_WARN_NON_LITERAL_NULL_CONVERSION = YES;
				CLANG_WARN_OBJC_IMPLICIT_RETAIN_SELF = YES;
				CLANG_WARN_OBJC_LITERAL_CONVERSION = YES;
				CLANG_WARN_OBJC_ROOT_CLASS = YES_ERROR;
				CLANG_WARN_QUOTED_INCLUDE_IN_FRAMEWORK_HEADER = YES;
				CLANG_WARN_RANGE_LOOP_ANALYSIS = YES;
				CLANG_WARN_STRICT_PROTOTYPES = YES;
				CLANG_WARN_SUSPICIOUS_MOVE = YES;
				CLANG_WARN_UNGUARDED_AVAILABILITY = YES_AGGRESSIVE;
				CLANG_WARN_UNREACHABLE_CODE = YES;
				CLANG_WARN__DUPLICATE_METHOD_MATCH = YES;
				COPY_PHASE_STRIP = NO;
				DEBUG_INFORMATION_FORMAT = dwarf;
				ENABLE_STRICT_OBJC_MSGSEND = YES;
				ENABLE_TESTABILITY = YES;
				GCC_C_LANGUAGE_STANDARD = gnu11;
				GCC_DYNAMIC_NO_PIC = NO;
				GCC_NO_COMMON_BLOCKS = YES;
				GCC_OPTIMIZATION_LEVEL = 0;
				GCC_PREPROCESSOR_DEFINITIONS = (
					"DEBUG=1",
					"$(inherited)",
				);
				GCC_WARN_64_TO_32_BIT_CONVERSION = YES;
				GCC_WARN_ABOUT_RETURN_TYPE = YES_ERROR;
				GCC_WARN_UNDECLARED_SELECTOR = YES;
				GCC_WARN_UNINITIALIZED_AUTOS = YES_AGGRESSIVE;
				GCC_WARN_UNUSED_FUNCTION = YES;
				GCC_WARN_UNUSED_VARIABLE = YES;
				IPHONEOS_DEPLOYMENT_TARGET = 16.0;
				MTL_ENABLE_DEBUG_INFO = INCLUDE_SOURCE;
				MTL_FAST_MATH = YES;
				ONLY_ACTIVE_ARCH = YES;
				SDKROOT = iphoneos;
				SWIFT_ACTIVE_COMPILATION_CONDITIONS = DEBUG;
				SWIFT_OPTIMIZATION_LEVEL = "-Onone";
			};
			name = Debug;
		};
		5909A4462A3BFB22006B5B6D /* Release */ = {
			isa = XCBuildConfiguration;
			buildSettings = {
				ALWAYS_SEARCH_USER_PATHS = NO;
				CLANG_ANALYZER_NONNULL = YES;
				CLANG_ANALYZER_NUMBER_OBJECT_CONVERSION = YES_AGGRESSIVE;
				CLANG_CXX_LANGUAGE_STANDARD = "gnu++20";
				CLANG_ENABLE_MODULES = YES;
				CLANG_ENABLE_OBJC_ARC = YES;
				CLANG_ENABLE_OBJC_WEAK = YES;
				CLANG_WARN_BLOCK_CAPTURE_AUTORELEASING = YES;
				CLANG_WARN_BOOL_CONVERSION = YES;
				CLANG_WARN_COMMA = YES;
				CLANG_WARN_CONSTANT_CONVERSION = YES;
				CLANG_WARN_DEPRECATED_OBJC_IMPLEMENTATIONS = YES;
				CLANG_WARN_DIRECT_OBJC_ISA_USAGE = YES_ERROR;
				CLANG_WARN_DOCUMENTATION_COMMENTS = YES;
				CLANG_WARN_EMPTY_BODY = YES;
				CLANG_WARN_ENUM_CONVERSION = YES;
				CLANG_WARN_INFINITE_RECURSION = YES;
				CLANG_WARN_INT_CONVERSION = YES;
				CLANG_WARN_NON_LITERAL_NULL_CONVERSION = YES;
				CLANG_WARN_OBJC_IMPLICIT_RETAIN_SELF = YES;
				CLANG_WARN_OBJC_LITERAL_CONVERSION = YES;
				CLANG_WARN_OBJC_ROOT_CLASS = YES_ERROR;
				CLANG_WARN_QUOTED_INCLUDE_IN_FRAMEWORK_HEADER = YES;
				CLANG_WARN_RANGE_LOOP_ANALYSIS = YES;
				CLANG_WARN_STRICT_PROTOTYPES = YES;
				CLANG_WARN_SUSPICIOUS_MOVE = YES;
				CLANG_WARN_UNGUARDED_AVAILABILITY = YES_AGGRESSIVE;
				CLANG_WARN_UNREACHABLE_CODE = YES;
				CLANG_WARN__DUPLICATE_METHOD_MATCH = YES;
				COPY_PHASE_STRIP = NO;
				DEBUG_INFORMATION_FORMAT = "dwarf-with-dsym";
				ENABLE_NS_ASSERTIONS = NO;
				ENABLE_STRICT_OBJC_MSGSEND = YES;
				GCC_C_LANGUAGE_STANDARD = gnu11;
				GCC_NO_COMMON_BLOCKS = YES;
				GCC_WARN_64_TO_32_BIT_CONVERSION = YES;
				GCC_WARN_ABOUT_RETURN_TYPE = YES_ERROR;
				GCC_WARN_UNDECLARED_SELECTOR = YES;
				GCC_WARN_UNINITIALIZED_AUTOS = YES_AGGRESSIVE;
				GCC_WARN_UNUSED_FUNCTION = YES;
				GCC_WARN_UNUSED_VARIABLE = YES;
				IPHONEOS_DEPLOYMENT_TARGET = 16.0;
				MTL_ENABLE_DEBUG_INFO = NO;
				MTL_FAST_MATH = YES;
				SDKROOT = iphoneos;
				SWIFT_COMPILATION_MODE = wholemodule;
				SWIFT_OPTIMIZATION_LEVEL = "-O";
				VALIDATE_PRODUCT = YES;
			};
			name = Release;
		};
		5909A4482A3BFB22006B5B6D /* Debug */ = {
			isa = XCBuildConfiguration;
			buildSettings = {
				ASSETCATALOG_COMPILER_APPICON_NAME = AppIcon;
				ASSETCATALOG_COMPILER_GLOBAL_ACCENT_COLOR_NAME = AccentColor;
				CODE_SIGN_STYLE = Automatic;
				CURRENT_PROJECT_VERSION = 1;
				DEVELOPMENT_ASSET_PATHS = "\"Tuneder/Preview Content\"";
				DEVELOPMENT_TEAM = E2RJE8M8Y3;
				ENABLE_PREVIEWS = YES;
				GENERATE_INFOPLIST_FILE = YES;
				INFOPLIST_FILE = Tuneder/Info.plist;
				INFOPLIST_KEY_CFBundleDisplayName = Tuneder;
				INFOPLIST_KEY_LSApplicationCategoryType = "public.app-category.music";
				INFOPLIST_KEY_NSAppleMusicUsageDescription = "Tuneder uses your Apple Music account to get previews of songs you might like, and adds them to a playlist in your library.";
				INFOPLIST_KEY_UIApplicationSceneManifest_Generation = YES;
				INFOPLIST_KEY_UIApplicationSupportsIndirectInputEvents = YES;
				INFOPLIST_KEY_UILaunchScreen_Generation = YES;
				INFOPLIST_KEY_UISupportedInterfaceOrientations = "UIInterfaceOrientationPortrait UIInterfaceOrientationPortraitUpsideDown";
				INFOPLIST_KEY_UISupportedInterfaceOrientations_iPad = "UIInterfaceOrientationLandscapeLeft UIInterfaceOrientationLandscapeRight UIInterfaceOrientationPortrait UIInterfaceOrientationPortraitUpsideDown";
				IPHONEOS_DEPLOYMENT_TARGET = 16.0;
				LD_RUNPATH_SEARCH_PATHS = (
					"$(inherited)",
					"@executable_path/Frameworks",
				);
				MARKETING_VERSION = 1.0;
				PRODUCT_BUNDLE_IDENTIFIER = com.adityasaravana.Tuneder;
				PRODUCT_NAME = "$(TARGET_NAME)";
				SUPPORTED_PLATFORMS = "iphoneos iphonesimulator";
				SUPPORTS_MACCATALYST = NO;
				SUPPORTS_MAC_DESIGNED_FOR_IPHONE_IPAD = YES;
				SWIFT_EMIT_LOC_STRINGS = YES;
				SWIFT_VERSION = 5.0;
				TARGETED_DEVICE_FAMILY = 1;
			};
			name = Debug;
		};
		5909A4492A3BFB22006B5B6D /* Release */ = {
			isa = XCBuildConfiguration;
			buildSettings = {
				ASSETCATALOG_COMPILER_APPICON_NAME = AppIcon;
				ASSETCATALOG_COMPILER_GLOBAL_ACCENT_COLOR_NAME = AccentColor;
				CODE_SIGN_STYLE = Automatic;
				CURRENT_PROJECT_VERSION = 1;
				DEVELOPMENT_ASSET_PATHS = "\"Tuneder/Preview Content\"";
				DEVELOPMENT_TEAM = E2RJE8M8Y3;
				ENABLE_PREVIEWS = YES;
				GENERATE_INFOPLIST_FILE = YES;
				INFOPLIST_FILE = Tuneder/Info.plist;
				INFOPLIST_KEY_CFBundleDisplayName = Tuneder;
				INFOPLIST_KEY_LSApplicationCategoryType = "public.app-category.music";
				INFOPLIST_KEY_NSAppleMusicUsageDescription = "Tuneder uses your Apple Music account to get previews of songs you might like, and adds them to a playlist in your library.";
				INFOPLIST_KEY_UIApplicationSceneManifest_Generation = YES;
				INFOPLIST_KEY_UIApplicationSupportsIndirectInputEvents = YES;
				INFOPLIST_KEY_UILaunchScreen_Generation = YES;
				INFOPLIST_KEY_UISupportedInterfaceOrientations = "UIInterfaceOrientationPortrait UIInterfaceOrientationPortraitUpsideDown";
				INFOPLIST_KEY_UISupportedInterfaceOrientations_iPad = "UIInterfaceOrientationLandscapeLeft UIInterfaceOrientationLandscapeRight UIInterfaceOrientationPortrait UIInterfaceOrientationPortraitUpsideDown";
				IPHONEOS_DEPLOYMENT_TARGET = 16.0;
				LD_RUNPATH_SEARCH_PATHS = (
					"$(inherited)",
					"@executable_path/Frameworks",
				);
				MARKETING_VERSION = 1.0;
				PRODUCT_BUNDLE_IDENTIFIER = com.adityasaravana.Tuneder;
				PRODUCT_NAME = "$(TARGET_NAME)";
				SUPPORTED_PLATFORMS = "iphoneos iphonesimulator";
				SUPPORTS_MACCATALYST = NO;
				SUPPORTS_MAC_DESIGNED_FOR_IPHONE_IPAD = YES;
				SWIFT_EMIT_LOC_STRINGS = YES;
				SWIFT_VERSION = 5.0;
				TARGETED_DEVICE_FAMILY = 1;
			};
			name = Release;
		};
/* End XCBuildConfiguration section */

/* Begin XCConfigurationList section */
		5909A4342A3BFB21006B5B6D /* Build configuration list for PBXProject "Tuneder" */ = {
			isa = XCConfigurationList;
			buildConfigurations = (
				5909A4452A3BFB22006B5B6D /* Debug */,
				5909A4462A3BFB22006B5B6D /* Release */,
			);
			defaultConfigurationIsVisible = 0;
			defaultConfigurationName = Release;
		};
		5909A4472A3BFB22006B5B6D /* Build configuration list for PBXNativeTarget "Tuneder" */ = {
			isa = XCConfigurationList;
			buildConfigurations = (
				5909A4482A3BFB22006B5B6D /* Debug */,
				5909A4492A3BFB22006B5B6D /* Release */,
			);
			defaultConfigurationIsVisible = 0;
			defaultConfigurationName = Release;
		};
/* End XCConfigurationList section */

/* Begin XCRemoteSwiftPackageReference section */
		590A4F9B2A3E927000FCF5AE /* XCRemoteSwiftPackageReference "Defaults" */ = {
			isa = XCRemoteSwiftPackageReference;
			repositoryURL = "https://github.com/sindresorhus/Defaults.git";
			requirement = {
				branch = main;
				kind = branch;
			};
		};
		59557DA72A3D66A900ED1B74 /* XCRemoteSwiftPackageReference "SwiftfulLoadingIndicators" */ = {
			isa = XCRemoteSwiftPackageReference;
			repositoryURL = "https://github.com/SwiftfulThinking/SwiftfulLoadingIndicators.git";
			requirement = {
				kind = upToNextMajorVersion;
				minimumVersion = 0.0.4;
			};
		};
		59557DAC2A3E559D00ED1B74 /* XCRemoteSwiftPackageReference "MusadoraKit" */ = {
			isa = XCRemoteSwiftPackageReference;
			repositoryURL = "https://github.com/rryam/MusadoraKit.git";
			requirement = {
				branch = main;
				kind = branch;
			};
		};
		59FCBA592A3D078200FD6BB2 /* XCRemoteSwiftPackageReference "ColorKit" */ = {
			isa = XCRemoteSwiftPackageReference;
			repositoryURL = "https://github.com/Boris-Em/ColorKit.git";
			requirement = {
				branch = master;
				kind = branch;
			};
		};
/* End XCRemoteSwiftPackageReference section */

/* Begin XCSwiftPackageProductDependency section */
		590A4F9C2A3E927000FCF5AE /* Defaults */ = {
			isa = XCSwiftPackageProductDependency;
			package = 590A4F9B2A3E927000FCF5AE /* XCRemoteSwiftPackageReference "Defaults" */;
			productName = Defaults;
		};
		59557DA82A3D66A900ED1B74 /* SwiftfulLoadingIndicators */ = {
			isa = XCSwiftPackageProductDependency;
			package = 59557DA72A3D66A900ED1B74 /* XCRemoteSwiftPackageReference "SwiftfulLoadingIndicators" */;
			productName = SwiftfulLoadingIndicators;
		};
		59557DAD2A3E559D00ED1B74 /* MusadoraKit */ = {
			isa = XCSwiftPackageProductDependency;
			package = 59557DAC2A3E559D00ED1B74 /* XCRemoteSwiftPackageReference "MusadoraKit" */;
			productName = MusadoraKit;
		};
		59557DAF2A3E559D00ED1B74 /* MusadoraLabsKit */ = {
			isa = XCSwiftPackageProductDependency;
			package = 59557DAC2A3E559D00ED1B74 /* XCRemoteSwiftPackageReference "MusadoraKit" */;
			productName = MusadoraLabsKit;
		};
		59FCBA5A2A3D078200FD6BB2 /* ColorKit */ = {
			isa = XCSwiftPackageProductDependency;
			package = 59FCBA592A3D078200FD6BB2 /* XCRemoteSwiftPackageReference "ColorKit" */;
			productName = ColorKit;
		};
/* End XCSwiftPackageProductDependency section */
	};
	rootObject = 5909A4312A3BFB21006B5B6D /* Project object */;
}
