{
  "pins" : [
    {
      "identity" : "colorkit",
      "kind" : "remoteSourceControl",
      "location" : "https://github.com/Boris-Em/ColorKit.git",
      "state" : {
        "branch" : "master",
        "revision" : "6e4375a6126eac0a29893c607ae318bdbe33310c"
      }
    }
  ],
  "version" : 2
}
